{
  "version": 4,
  "terraform_version": "0.13.4",
  "serial": 31,
  "lineage": "e28add66-34ae-102d-96e0-debdeac8b63c",
  "outputs": {
    "instances_names": {
      "value": {
        "misc-infrastructure": [
          "misc-infrastructure-0"
        ]
      },
      "type": [
        "map",
        [
          "tuple",
          [
            "string"
          ]
        ]
      ]
    },
    "instances_private_ips": {
      "value": {
        "misc-infrastructure": [
          "172.31.8.71"
        ]
      },
      "type": [
        "map",
        [
          "tuple",
          [
            "string"
          ]
        ]
      ]
    },
    "instances_public_ips": {
      "value": {
        "misc-infrastructure": [
          "34.247.219.111"
        ]
      },
      "type": [
        "map",
        [
          "tuple",
          [
            "string"
          ]
        ]
      ]
    }
  },
  "resources": [
    {
      "module": "module.misc-infrastructure",
      "mode": "managed",
      "type": "aws_instance",
      "name": "default",
      "provider": "provider[\"registry.terraform.io/hashicorp/aws\"]",
      "instances": [
        {
          "index_key": 0,
          "schema_version": 1,
          "attributes": {
            "ami": "ami-093185e1a0acee74b",
            "arn": "arn:aws:ec2:eu-west-1:859030062725:instance/i-0c6550725e2730dd2",
            "associate_public_ip_address": true,
            "availability_zone": "eu-west-1b",
            "cpu_core_count": 8,
            "cpu_threads_per_core": 2,
            "credit_specification": [],
            "disable_api_termination": false,
            "ebs_block_device": [],
            "ebs_optimized": true,
            "enclave_options": [
              {
                "enabled": false
              }
            ],
            "ephemeral_block_device": [],
            "get_password_data": false,
            "hibernation": false,
            "host_id": null,
            "iam_instance_profile": "",
            "id": "i-0c6550725e2730dd2",
            "instance_initiated_shutdown_behavior": null,
            "instance_state": "running",
            "instance_type": "c5a.4xlarge",
            "ipv6_address_count": 0,
            "ipv6_addresses": [],
            "key_name": "impads",
            "metadata_options": [
              {
                "http_endpoint": "enabled",
                "http_put_response_hop_limit": 1,
                "http_tokens": "optional"
              }
            ],
            "monitoring": true,
            "network_interface": [],
            "outpost_arn": "",
            "password_data": "",
            "placement_group": "",
            "primary_network_interface_id": "eni-0838ab00110463f93",
            "private_dns": "ip-172-31-8-71.eu-west-1.compute.internal",
            "private_ip": "172.31.8.71",
            "public_dns": "ec2-34-247-219-111.eu-west-1.compute.amazonaws.com",
            "public_ip": "34.247.219.111",
            "root_block_device": [
              {
                "delete_on_termination": true,
                "device_name": "/dev/xvda",
                "encrypted": false,
                "iops": 100,
                "kms_key_id": "",
                "throughput": 0,
                "volume_id": "vol-07010c397e6233ff4",
                "volume_size": 20,
                "volume_type": "gp2"
              }
            ],
            "secondary_private_ips": [],
            "security_groups": [
              "impads-security-group"
            ],
            "source_dest_check": true,
            "subnet_id": "subnet-805755e6",
            "tags": {
              "Name": "misc-infrastructure-0",
              "Provisioner": "terraform",
              "Type": "misc-infrastructure"
            },
            "tenancy": "default",
            "timeouts": null,
            "user_data": null,
            "user_data_base64": null,
            "volume_tags": {},
            "vpc_security_group_ids": [
              "sg-08bc405eba19faf25"
            ]
          },
          "private": "eyJlMmJmYjczMC1lY2FhLTExZTYtOGY4OC0zNDM2M2JjN2M0YzAiOnsiY3JlYXRlIjo2MDAwMDAwMDAwMDAsImRlbGV0ZSI6MTIwMDAwMDAwMDAwMCwidXBkYXRlIjo2MDAwMDAwMDAwMDB9LCJzY2hlbWFfdmVyc2lvbiI6IjEifQ==",
          "dependencies": [
            "module.misc-infrastructure.aws_key_pair.default",
            "module.misc-infrastructure.aws_security_group.default"
          ]
        }
      ]
    },
    {
      "module": "module.misc-infrastructure",
      "mode": "managed",
      "type": "aws_key_pair",
      "name": "default",
      "provider": "provider[\"registry.terraform.io/hashicorp/aws\"]",
      "instances": [
        {
          "schema_version": 1,
          "attributes": {
            "arn": "arn:aws:ec2:eu-west-1:859030062725:key-pair/impads",
            "fingerprint": "0a:53:46:d6:9e:cb:1b:81:08:05:8e:a7:0a:f7:7e:99",
            "id": "impads",
            "key_name": "impads",
            "key_name_prefix": null,
            "key_pair_id": "key-0e3c1688e55631d7b",
            "public_key": "ssh-rsa AAAAB3NzaC1yc2EAAAADAQABAAACAQCyF9VzwZOn7wkvahsJ4qvCXyRfrduZt3wdop+8pQwjOkM7aQ4JvZgX9hVT6dQYwoOhF4ub6aQhCDfRUq7vS69SwTHw0RNoyQYkgx2pB0cocs5DFa1XyVbhJOENecam35BK6jqlGYbFnFbPay3x3A08iCkPGIJEmvqJaFDjb8dLIzeh2O5OWVjCUdIho0jP4GXFirzwAQdnARctLSOaF3+k6N0bR5ci3M/rb/xWOUW3nXaRTo9fp6Cz84V7LQji4flcHRTzpgVqGkJzq0VrENUx97RX/vsG9RZvV2OOunwQvtgquaWmrlKyypGn1fCsZiM56nR3j6NKexvPFDDK5ayEIDCA4RVz1qn3j1JrVBdxx9CcOvyNXjoNq8pAwKGGfy7+DQR8mvb1S4cH0MKeWTFcnf5SrU6vKgXuaqx0zXuzuL5nQ2mXYs/ys3K3rR4+QnLb4ntCEWPte2r4ILPwMlSm+84VwM+bgLW+yH2Kgm7dIuzjfHDzYPyBPldicmQxMi7qavAJlSwaCmLPCQ4cYzUOs28ASZfBqzM2pckws4BsVGBGA/8FXxbgz2vKTtSBJQDiz1Ppsmr1ffmRASl2WPtg7L3Tgq4GKtW76yU26syKIwVON/gIzvJoRDnS4Rlfi+zovAdVORTfxH4I4W4waOVrdnT1JXjaYODF0isscJmNDw== a44446@alunos.isel.pt",
            "tags": null
          },
          "private": "eyJzY2hlbWFfdmVyc2lvbiI6IjEifQ=="
        }
      ]
    },
    {
      "module": "module.misc-infrastructure",
      "mode": "managed",
      "type": "aws_security_group",
      "name": "default",
      "provider": "provider[\"registry.terraform.io/hashicorp/aws\"]",
      "instances": [
        {
          "schema_version": 1,
          "attributes": {
            "arn": "arn:aws:ec2:eu-west-1:859030062725:security-group/sg-08bc405eba19faf25",
            "description": "Allow HTTP, HTTPS and SSH traffic",
            "egress": [
              {
                "cidr_blocks": [
                  "0.0.0.0/0"
                ],
                "description": "",
                "from_port": 0,
                "ipv6_cidr_blocks": [],
                "prefix_list_ids": [],
                "protocol": "-1",
                "security_groups": [],
                "self": false,
                "to_port": 0
              }
            ],
            "id": "sg-08bc405eba19faf25",
            "ingress": [
              {
                "cidr_blocks": [
                  "0.0.0.0/0"
                ],
                "description": "HTTP",
                "from_port": 80,
                "ipv6_cidr_blocks": [],
                "prefix_list_ids": [],
                "protocol": "tcp",
                "security_groups": [],
                "self": false,
                "to_port": 80
              },
              {
                "cidr_blocks": [
                  "0.0.0.0/0"
                ],
                "description": "HTTPS",
                "from_port": 443,
                "ipv6_cidr_blocks": [],
                "prefix_list_ids": [],
                "protocol": "tcp",
                "security_groups": [],
                "self": false,
                "to_port": 443
              },
              {
                "cidr_blocks": [
                  "0.0.0.0/0"
                ],
                "description": "SSH",
                "from_port": 22,
                "ipv6_cidr_blocks": [],
                "prefix_list_ids": [],
                "protocol": "tcp",
                "security_groups": [],
                "self": false,
                "to_port": 22
              }
            ],
            "name": "impads-security-group",
            "name_prefix": "",
            "owner_id": "859030062725",
            "revoke_rules_on_delete": false,
            "tags": {
              "Name": "terraform"
            },
            "timeouts": null,
            "vpc_id": "vpc-41e23338"
          },
          "private": "eyJlMmJmYjczMC1lY2FhLTExZTYtOGY4OC0zNDM2M2JjN2M0YzAiOnsiY3JlYXRlIjo2MDAwMDAwMDAwMDAsImRlbGV0ZSI6NjAwMDAwMDAwMDAwfSwic2NoZW1hX3ZlcnNpb24iOiIxIn0="
        }
      ]
    }
  ]
}
